
Microsoft Visual Studio Solution File, Format Version 12.00
# Visual Studio Version 16
VisualStudioVersion = 16.0.29613.14
MinimumVisualStudioVersion = 10.0.40219.1
Project("{FAE04EC0-301F-11D3-BF4B-00C04F79EFBC}") = "WindowsFormsApp24", "WindowsFormsApp24\WindowsFormsApp24.csproj", "{6AD6569A-0B86-41B5-A038-4904702A5CDF}"
EndProject
Global
	GlobalSection(SolutionConfigurationPlatforms) = preSolution
		Debug|Any CPU = Debug|Any CPU
		Release|Any CPU = Release|Any CPU
	EndGlobalSection
	GlobalSection(ProjectConfigurationPlatforms) = postSolution
		{6AD6569A-0B86-41B5-A038-4904702A5CDF}.Debug|Any CPU.ActiveCfg = Debug|Any CPU
		{6AD6569A-0B86-41B5-A038-4904702A5CDF}.Debug|Any CPU.Build.0 = Debug|Any CPU
		{6AD6569A-0B86-41B5-A038-4904702A5CDF}.Release|Any CPU.ActiveCfg = Release|Any CPU
		{6AD6569A-0B86-41B5-A038-4904702A5CDF}.Release|Any CPU.Build.0 = Release|Any CPU
	EndGlobalSection
	GlobalSection(SolutionProperties) = preSolution
		HideSolutionNode = FALSE
	EndGlobalSection
	GlobalSection(ExtensibilityGlobals) = postSolution
		SolutionGuid = {BA7D891C-4BE3-4C5C-A972-F3B3B3FE5116}
	EndGlobalSection
EndGlobal
